
Microsoft Visual Studio Solution File, Format Version 12.00
# Visual Studio Version 17
VisualStudioVersion = 17.8.34330.188
MinimumVisualStudioVersion = 10.0.40219.1
Project("{9A19103F-16F7-4668-BE54-9A1E7A4F7556}") = "EmprestaFácil", "EmprestimoEquipamentos\EmprestaFácil.csproj", "{EBDFE76D-C3FB-4DE0-A3F5-5CA5319CDC57}"
EndProject
Global
	GlobalSection(SolutionConfigurationPlatforms) = preSolution
		Debug|Any CPU = Debug|Any CPU
		Release|Any CPU = Release|Any CPU
	EndGlobalSection
	GlobalSection(ProjectConfigurationPlatforms) = postSolution
		{EBDFE76D-C3FB-4DE0-A3F5-5CA5319CDC57}.Debug|Any CPU.ActiveCfg = Debug|Any CPU
		{EBDFE76D-C3FB-4DE0-A3F5-5CA5319CDC57}.Debug|Any CPU.Build.0 = Debug|Any CPU
		{EBDFE76D-C3FB-4DE0-A3F5-5CA5319CDC57}.Release|Any CPU.ActiveCfg = Release|Any CPU
		{EBDFE76D-C3FB-4DE0-A3F5-5CA5319CDC57}.Release|Any CPU.Build.0 = Release|Any CPU
	EndGlobalSection
	GlobalSection(SolutionProperties) = preSolution
		HideSolutionNode = FALSE
	EndGlobalSection
	GlobalSection(ExtensibilityGlobals) = postSolution
		SolutionGuid = {1B8B3A0A-DCFE-4B96-BC90-81588B3340E9}
	EndGlobalSection
EndGlobal
